
Microsoft Visual Studio Solution File, Format Version 12.00
# Visual Studio Version 16
VisualStudioVersion = 16.0.30711.63
MinimumVisualStudioVersion = 10.0.40219.1
Project("{FAE04EC0-301F-11D3-BF4B-00C04F79EFBC}") = "MentorU.Android", "MentorU\MentorU.Android\MentorU.Android.csproj", "{CE68D091-17F1-43F2-BC26-4AE55382C7EC}"
EndProject
Project("{FAE04EC0-301F-11D3-BF4B-00C04F79EFBC}") = "MentorU.iOS", "MentorU\MentorU.iOS\MentorU.iOS.csproj", "{8B3196EB-B786-4AEB-AD9E-F3722CF00937}"
EndProject
Project("{9A19103F-16F7-4668-BE54-9A1E7A4F7556}") = "MentorU", "MentorU\MentorU\MentorU.csproj", "{A30CB97D-C844-438F-8FCE-B0403D318999}"
EndProject
Project("{9A19103F-16F7-4668-BE54-9A1E7A4F7556}") = "SignalRServer", "SignalRServer\SignalRServer.csproj", "{0B0D67A3-A4F3-4332-A6F1-1CD8E425B800}"
EndProject
Project("{9A19103F-16F7-4668-BE54-9A1E7A4F7556}") = "CoreBot", "..\..\..\..\Desktop\AssistU\CoreBot.csproj", "{3852D4F2-A8FD-4931-B0D8-33E5419BC5C3}"
EndProject
Global
	GlobalSection(SolutionConfigurationPlatforms) = preSolution
		Debug|Any CPU = Debug|Any CPU
		Debug|iPhone = Debug|iPhone
		Debug|iPhoneSimulator = Debug|iPhoneSimulator
		Release|Any CPU = Release|Any CPU
		Release|iPhone = Release|iPhone
		Release|iPhoneSimulator = Release|iPhoneSimulator
	EndGlobalSection
	GlobalSection(ProjectConfigurationPlatforms) = postSolution
		{CE68D091-17F1-43F2-BC26-4AE55382C7EC}.Debug|Any CPU.ActiveCfg = Debug|Any CPU
		{CE68D091-17F1-43F2-BC26-4AE55382C7EC}.Debug|Any CPU.Build.0 = Debug|Any CPU
		{CE68D091-17F1-43F2-BC26-4AE55382C7EC}.Debug|Any CPU.Deploy.0 = Debug|Any CPU
		{CE68D091-17F1-43F2-BC26-4AE55382C7EC}.Debug|iPhone.ActiveCfg = Debug|Any CPU
		{CE68D091-17F1-43F2-BC26-4AE55382C7EC}.Debug|iPhone.Build.0 = Debug|Any CPU
		{CE68D091-17F1-43F2-BC26-4AE55382C7EC}.Debug|iPhone.Deploy.0 = Debug|Any CPU
		{CE68D091-17F1-43F2-BC26-4AE55382C7EC}.Debug|iPhoneSimulator.ActiveCfg = Debug|Any CPU
		{CE68D091-17F1-43F2-BC26-4AE55382C7EC}.Debug|iPhoneSimulator.Build.0 = Debug|Any CPU
		{CE68D091-17F1-43F2-BC26-4AE55382C7EC}.Debug|iPhoneSimulator.Deploy.0 = Debug|Any CPU
		{CE68D091-17F1-43F2-BC26-4AE55382C7EC}.Release|Any CPU.ActiveCfg = Release|Any CPU
		{CE68D091-17F1-43F2-BC26-4AE55382C7EC}.Release|Any CPU.Build.0 = Release|Any CPU
		{CE68D091-17F1-43F2-BC26-4AE55382C7EC}.Release|Any CPU.Deploy.0 = Release|Any CPU
		{CE68D091-17F1-43F2-BC26-4AE55382C7EC}.Release|iPhone.ActiveCfg = Release|Any CPU
		{CE68D091-17F1-43F2-BC26-4AE55382C7EC}.Release|iPhone.Build.0 = Release|Any CPU
		{CE68D091-17F1-43F2-BC26-4AE55382C7EC}.Release|iPhone.Deploy.0 = Release|Any CPU
		{CE68D091-17F1-43F2-BC26-4AE55382C7EC}.Release|iPhoneSimulator.ActiveCfg = Release|Any CPU
		{CE68D091-17F1-43F2-BC26-4AE55382C7EC}.Release|iPhoneSimulator.Build.0 = Release|Any CPU
		{CE68D091-17F1-43F2-BC26-4AE55382C7EC}.Release|iPhoneSimulator.Deploy.0 = Release|Any CPU
		{8B3196EB-B786-4AEB-AD9E-F3722CF00937}.Debug|Any CPU.ActiveCfg = Debug|iPhone
		{8B3196EB-B786-4AEB-AD9E-F3722CF00937}.Debug|Any CPU.Build.0 = Debug|iPhone
		{8B3196EB-B786-4AEB-AD9E-F3722CF00937}.Debug|Any CPU.Deploy.0 = Debug|iPhone
		{8B3196EB-B786-4AEB-AD9E-F3722CF00937}.Debug|iPhone.ActiveCfg = Debug|iPhone
		{8B3196EB-B786-4AEB-AD9E-F3722CF00937}.Debug|iPhone.Build.0 = Debug|iPhone
		{8B3196EB-B786-4AEB-AD9E-F3722CF00937}.Debug|iPhone.Deploy.0 = Debug|iPhone
		{8B3196EB-B786-4AEB-AD9E-F3722CF00937}.Debug|iPhoneSimulator.ActiveCfg = Debug|iPhoneSimulator
		{8B3196EB-B786-4AEB-AD9E-F3722CF00937}.Debug|iPhoneSimulator.Build.0 = Debug|iPhoneSimulator
		{8B3196EB-B786-4AEB-AD9E-F3722CF00937}.Debug|iPhoneSimulator.Deploy.0 = Debug|iPhoneSimulator
		{8B3196EB-B786-4AEB-AD9E-F3722CF00937}.Release|Any CPU.ActiveCfg = Release|iPhoneSimulator
		{8B3196EB-B786-4AEB-AD9E-F3722CF00937}.Release|Any CPU.Build.0 = Release|iPhoneSimulator
		{8B3196EB-B786-4AEB-AD9E-F3722CF00937}.Release|Any CPU.Deploy.0 = Release|iPhoneSimulator
		{8B3196EB-B786-4AEB-AD9E-F3722CF00937}.Release|iPhone.ActiveCfg = Release|iPhone
		{8B3196EB-B786-4AEB-AD9E-F3722CF00937}.Release|iPhone.Build.0 = Release|iPhone
		{8B3196EB-B786-4AEB-AD9E-F3722CF00937}.Release|iPhone.Deploy.0 = Release|iPhone
		{8B3196EB-B786-4AEB-AD9E-F3722CF00937}.Release|iPhoneSimulator.ActiveCfg = Release|iPhoneSimulator
		{8B3196EB-B786-4AEB-AD9E-F3722CF00937}.Release|iPhoneSimulator.Build.0 = Release|iPhoneSimulator
		{8B3196EB-B786-4AEB-AD9E-F3722CF00937}.Release|iPhoneSimulator.Deploy.0 = Release|iPhoneSimulator
		{A30CB97D-C844-438F-8FCE-B0403D318999}.Debug|Any CPU.ActiveCfg = Debug|Any CPU
		{A30CB97D-C844-438F-8FCE-B0403D318999}.Debug|Any CPU.Build.0 = Debug|Any CPU
		{A30CB97D-C844-438F-8FCE-B0403D318999}.Debug|Any CPU.Deploy.0 = Debug|Any CPU
		{A30CB97D-C844-438F-8FCE-B0403D318999}.Debug|iPhone.ActiveCfg = Debug|Any CPU
		{A30CB97D-C844-438F-8FCE-B0403D318999}.Debug|iPhone.Build.0 = Debug|Any CPU
		{A30CB97D-C844-438F-8FCE-B0403D318999}.Debug|iPhone.Deploy.0 = Debug|Any CPU
		{A30CB97D-C844-438F-8FCE-B0403D318999}.Debug|iPhoneSimulator.ActiveCfg = Debug|Any CPU
		{A30CB97D-C844-438F-8FCE-B0403D318999}.Debug|iPhoneSimulator.Build.0 = Debug|Any CPU
		{A30CB97D-C844-438F-8FCE-B0403D318999}.Debug|iPhoneSimulator.Deploy.0 = Debug|Any CPU
		{A30CB97D-C844-438F-8FCE-B0403D318999}.Release|Any CPU.ActiveCfg = Release|Any CPU
		{A30CB97D-C844-438F-8FCE-B0403D318999}.Release|Any CPU.Build.0 = Release|Any CPU
		{A30CB97D-C844-438F-8FCE-B0403D318999}.Release|Any CPU.Deploy.0 = Release|Any CPU
		{A30CB97D-C844-438F-8FCE-B0403D318999}.Release|iPhone.ActiveCfg = Release|Any CPU
		{A30CB97D-C844-438F-8FCE-B0403D318999}.Release|iPhone.Build.0 = Release|Any CPU
		{A30CB97D-C844-438F-8FCE-B0403D318999}.Release|iPhone.Deploy.0 = Release|Any CPU
		{A30CB97D-C844-438F-8FCE-B0403D318999}.Release|iPhoneSimulator.ActiveCfg = Release|Any CPU
		{A30CB97D-C844-438F-8FCE-B0403D318999}.Release|iPhoneSimulator.Build.0 = Release|Any CPU
		{A30CB97D-C844-438F-8FCE-B0403D318999}.Release|iPhoneSimulator.Deploy.0 = Release|Any CPU
		{0B0D67A3-A4F3-4332-A6F1-1CD8E425B800}.Debug|Any CPU.ActiveCfg = Debug|Any CPU
		{0B0D67A3-A4F3-4332-A6F1-1CD8E425B800}.Debug|Any CPU.Build.0 = Debug|Any CPU
		{0B0D67A3-A4F3-4332-A6F1-1CD8E425B800}.Debug|iPhone.ActiveCfg = Debug|Any CPU
		{0B0D67A3-A4F3-4332-A6F1-1CD8E425B800}.Debug|iPhone.Build.0 = Debug|Any CPU
		{0B0D67A3-A4F3-4332-A6F1-1CD8E425B800}.Debug|iPhoneSimulator.ActiveCfg = Debug|Any CPU
		{0B0D67A3-A4F3-4332-A6F1-1CD8E425B800}.Debug|iPhoneSimulator.Build.0 = Debug|Any CPU
		{0B0D67A3-A4F3-4332-A6F1-1CD8E425B800}.Release|Any CPU.ActiveCfg = Release|Any CPU
		{0B0D67A3-A4F3-4332-A6F1-1CD8E425B800}.Release|Any CPU.Build.0 = Release|Any CPU
		{0B0D67A3-A4F3-4332-A6F1-1CD8E425B800}.Release|iPhone.ActiveCfg = Release|Any CPU
		{0B0D67A3-A4F3-4332-A6F1-1CD8E425B800}.Release|iPhone.Build.0 = Release|Any CPU
		{0B0D67A3-A4F3-4332-A6F1-1CD8E425B800}.Release|iPhoneSimulator.ActiveCfg = Release|Any CPU
		{0B0D67A3-A4F3-4332-A6F1-1CD8E425B800}.Release|iPhoneSimulator.Build.0 = Release|Any CPU
		{3852D4F2-A8FD-4931-B0D8-33E5419BC5C3}.Debug|Any CPU.ActiveCfg = Debug|Any CPU
		{3852D4F2-A8FD-4931-B0D8-33E5419BC5C3}.Debug|Any CPU.Build.0 = Debug|Any CPU
		{3852D4F2-A8FD-4931-B0D8-33E5419BC5C3}.Debug|iPhone.ActiveCfg = Debug|Any CPU
		{3852D4F2-A8FD-4931-B0D8-33E5419BC5C3}.Debug|iPhone.Build.0 = Debug|Any CPU
		{3852D4F2-A8FD-4931-B0D8-33E5419BC5C3}.Debug|iPhoneSimulator.ActiveCfg = Debug|Any CPU
		{3852D4F2-A8FD-4931-B0D8-33E5419BC5C3}.Debug|iPhoneSimulator.Build.0 = Debug|Any CPU
		{3852D4F2-A8FD-4931-B0D8-33E5419BC5C3}.Release|Any CPU.ActiveCfg = Release|Any CPU
		{3852D4F2-A8FD-4931-B0D8-33E5419BC5C3}.Release|Any CPU.Build.0 = Release|Any CPU
		{3852D4F2-A8FD-4931-B0D8-33E5419BC5C3}.Release|iPhone.ActiveCfg = Release|Any CPU
		{3852D4F2-A8FD-4931-B0D8-33E5419BC5C3}.Release|iPhone.Build.0 = Release|Any CPU
		{3852D4F2-A8FD-4931-B0D8-33E5419BC5C3}.Release|iPhoneSimulator.ActiveCfg = Release|Any CPU
		{3852D4F2-A8FD-4931-B0D8-33E5419BC5C3}.Release|iPhoneSimulator.Build.0 = Release|Any CPU
	EndGlobalSection
	GlobalSection(SolutionProperties) = preSolution
		HideSolutionNode = FALSE
	EndGlobalSection
	GlobalSection(ExtensibilityGlobals) = postSolution
		SolutionGuid = {3553D0D4-24E3-4C61-BD88-6CE211DE67F1}
	EndGlobalSection
EndGlobal
